
Microsoft Visual Studio Solution File, Format Version 12.00
# Visual Studio 15
VisualStudioVersion = 15.0.26124.0
MinimumVisualStudioVersion = 15.0.26124.0
Project("{FAE04EC0-301F-11D3-BF4B-00C04F79EFBC}") = "FatRead", "FatRead\FatRead.csproj", "{8A7A5922-F49F-42AF-9F23-04C1A4C21212}"
EndProject
Project("{FAE04EC0-301F-11D3-BF4B-00C04F79EFBC}") = "FatRead.Tests", "FatRead.Tests\FatRead.Tests.csproj", "{0148FDC2-BDC4-4DC6-913A-59D11A5E54CA}"
EndProject
Global
	GlobalSection(SolutionConfigurationPlatforms) = preSolution
		Debug|Any CPU = Debug|Any CPU
		Debug|x64 = Debug|x64
		Debug|x86 = Debug|x86
		Release|Any CPU = Release|Any CPU
		Release|x64 = Release|x64
		Release|x86 = Release|x86
	EndGlobalSection
	GlobalSection(SolutionProperties) = preSolution
		HideSolutionNode = FALSE
	EndGlobalSection
	GlobalSection(ProjectConfigurationPlatforms) = postSolution
		{8A7A5922-F49F-42AF-9F23-04C1A4C21212}.Debug|Any CPU.ActiveCfg = Debug|Any CPU
		{8A7A5922-F49F-42AF-9F23-04C1A4C21212}.Debug|Any CPU.Build.0 = Debug|Any CPU
		{8A7A5922-F49F-42AF-9F23-04C1A4C21212}.Debug|x64.ActiveCfg = Debug|Any CPU
		{8A7A5922-F49F-42AF-9F23-04C1A4C21212}.Debug|x64.Build.0 = Debug|Any CPU
		{8A7A5922-F49F-42AF-9F23-04C1A4C21212}.Debug|x86.ActiveCfg = Debug|Any CPU
		{8A7A5922-F49F-42AF-9F23-04C1A4C21212}.Debug|x86.Build.0 = Debug|Any CPU
		{8A7A5922-F49F-42AF-9F23-04C1A4C21212}.Release|Any CPU.ActiveCfg = Release|Any CPU
		{8A7A5922-F49F-42AF-9F23-04C1A4C21212}.Release|Any CPU.Build.0 = Release|Any CPU
		{8A7A5922-F49F-42AF-9F23-04C1A4C21212}.Release|x64.ActiveCfg = Release|Any CPU
		{8A7A5922-F49F-42AF-9F23-04C1A4C21212}.Release|x64.Build.0 = Release|Any CPU
		{8A7A5922-F49F-42AF-9F23-04C1A4C21212}.Release|x86.ActiveCfg = Release|Any CPU
		{8A7A5922-F49F-42AF-9F23-04C1A4C21212}.Release|x86.Build.0 = Release|Any CPU
		{0148FDC2-BDC4-4DC6-913A-59D11A5E54CA}.Debug|Any CPU.ActiveCfg = Debug|Any CPU
		{0148FDC2-BDC4-4DC6-913A-59D11A5E54CA}.Debug|Any CPU.Build.0 = Debug|Any CPU
		{0148FDC2-BDC4-4DC6-913A-59D11A5E54CA}.Debug|x64.ActiveCfg = Debug|Any CPU
		{0148FDC2-BDC4-4DC6-913A-59D11A5E54CA}.Debug|x64.Build.0 = Debug|Any CPU
		{0148FDC2-BDC4-4DC6-913A-59D11A5E54CA}.Debug|x86.ActiveCfg = Debug|Any CPU
		{0148FDC2-BDC4-4DC6-913A-59D11A5E54CA}.Debug|x86.Build.0 = Debug|Any CPU
		{0148FDC2-BDC4-4DC6-913A-59D11A5E54CA}.Release|Any CPU.ActiveCfg = Release|Any CPU
		{0148FDC2-BDC4-4DC6-913A-59D11A5E54CA}.Release|Any CPU.Build.0 = Release|Any CPU
		{0148FDC2-BDC4-4DC6-913A-59D11A5E54CA}.Release|x64.ActiveCfg = Release|Any CPU
		{0148FDC2-BDC4-4DC6-913A-59D11A5E54CA}.Release|x64.Build.0 = Release|Any CPU
		{0148FDC2-BDC4-4DC6-913A-59D11A5E54CA}.Release|x86.ActiveCfg = Release|Any CPU
		{0148FDC2-BDC4-4DC6-913A-59D11A5E54CA}.Release|x86.Build.0 = Release|Any CPU
	EndGlobalSection
EndGlobal
